%{"ex_doc": {:git, "https://github.com/elixir-lang/ex_doc.git", "faf5b85c7aabf5abe7f408c9bf51a6462ea28910", []},
  "hoedown": {:git, "https://github.com/hoedown/hoedown.git", "980b9c549b4348d50b683ecee6abee470b98acda", []},
  "markdown": {:git, "https://github.com/devinus/markdown.git", "9b3beaf69a9b9c6450526c41d591a94d2eedf1e8", []}}
